// !$*UTF8*$!
{
	archiveVersion = 1;
	classes = {
	};
	objectVersion = 51;
	objects = {

/* Begin PBXBuildFile section */
		88E40D41D81FE8CE7385DEFC /* Pods_Mindful_Eats.framework in Frameworks */ = {isa = PBXBuildFile; fileRef = 9A97550F32389B2B6C5D62D7 /* Pods_Mindful_Eats.framework */; };
		B11CF433255B47D200C7325B /* Emotion.swift in Sources */ = {isa = PBXBuildFile; fileRef = B11CF432255B47D200C7325B /* Emotion.swift */; };
		B11CF438255C468D00C7325B /* CheckInsTableVC.swift in Sources */ = {isa = PBXBuildFile; fileRef = B11CF437255C468D00C7325B /* CheckInsTableVC.swift */; };
		B11CF43D255C502500C7325B /* CheckInCell.swift in Sources */ = {isa = PBXBuildFile; fileRef = B11CF43C255C502500C7325B /* CheckInCell.swift */; };
		B11CF445255C605F00C7325B /* ProfileVC.swift in Sources */ = {isa = PBXBuildFile; fileRef = B11CF444255C605F00C7325B /* ProfileVC.swift */; };
		B11CF453255C738400C7325B /* MindfulEats.xcdatamodeld in Sources */ = {isa = PBXBuildFile; fileRef = B11CF451255C738400C7325B /* MindfulEats.xcdatamodeld */; };
		B11CF458255C88ED00C7325B /* AddFoodVC.swift in Sources */ = {isa = PBXBuildFile; fileRef = B11CF457255C88ED00C7325B /* AddFoodVC.swift */; };
		B11CF463255C8DFA00C7325B /* FoodItemCell.swift in Sources */ = {isa = PBXBuildFile; fileRef = B11CF462255C8DFA00C7325B /* FoodItemCell.swift */; };
		B11CF47C255CBC4A00C7325B /* CheckInDetailVC.swift in Sources */ = {isa = PBXBuildFile; fileRef = B11CF47B255CBC4900C7325B /* CheckInDetailVC.swift */; };
		B134055F255DF0FD0022185F /* EmotionsSelectionVC.swift in Sources */ = {isa = PBXBuildFile; fileRef = B134055E255DF0FD0022185F /* EmotionsSelectionVC.swift */; };
		B1654091255F2DAD0000B4A6 /* PeoplePlaceVC.swift in Sources */ = {isa = PBXBuildFile; fileRef = B1654090255F2DAD0000B4A6 /* PeoplePlaceVC.swift */; };
		B16AB09E255B3EBA0021BC67 /* AppDelegate.swift in Sources */ = {isa = PBXBuildFile; fileRef = B16AB09D255B3EBA0021BC67 /* AppDelegate.swift */; };
		B16AB0A0255B3EBA0021BC67 /* SceneDelegate.swift in Sources */ = {isa = PBXBuildFile; fileRef = B16AB09F255B3EBA0021BC67 /* SceneDelegate.swift */; };
		B16AB0A2255B3EBA0021BC67 /* HomeVC.swift in Sources */ = {isa = PBXBuildFile; fileRef = B16AB0A1255B3EBA0021BC67 /* HomeVC.swift */; };
		B16AB0A5255B3EBA0021BC67 /* Main.storyboard in Resources */ = {isa = PBXBuildFile; fileRef = B16AB0A3255B3EBA0021BC67 /* Main.storyboard */; };
		B16AB0A7255B3EBE0021BC67 /* Assets.xcassets in Resources */ = {isa = PBXBuildFile; fileRef = B16AB0A6255B3EBE0021BC67 /* Assets.xcassets */; };
		B16AB0AA255B3EBE0021BC67 /* LaunchScreen.storyboard in Resources */ = {isa = PBXBuildFile; fileRef = B16AB0A8255B3EBE0021BC67 /* LaunchScreen.storyboard */; };
		B16AB0B5255B3EBF0021BC67 /* Mindful_EatsTests.swift in Sources */ = {isa = PBXBuildFile; fileRef = B16AB0B4255B3EBF0021BC67 /* Mindful_EatsTests.swift */; };
		B16AB0C0255B3EBF0021BC67 /* Mindful_EatsUITests.swift in Sources */ = {isa = PBXBuildFile; fileRef = B16AB0BF255B3EBF0021BC67 /* Mindful_EatsUITests.swift */; };
		B1B96B292563249C000215AF /* CustomButton.swift in Sources */ = {isa = PBXBuildFile; fileRef = B1B96B282563249C000215AF /* CustomButton.swift */; };
		B1B96B2E25634538000215AF /* CustomLocationStatBox.swift in Sources */ = {isa = PBXBuildFile; fileRef = B1B96B2D25634538000215AF /* CustomLocationStatBox.swift */; };
		B1B96B3325634892000215AF /* LocationStatsVC.swift in Sources */ = {isa = PBXBuildFile; fileRef = B1B96B3225634892000215AF /* LocationStatsVC.swift */; };
		D79E3F5D393D9F40D90B55F7 /* Pods_Mindful_EatsTests.framework in Frameworks */ = {isa = PBXBuildFile; fileRef = E0FDC5CA430BAE6EE6A3283C /* Pods_Mindful_EatsTests.framework */; };
		FD68CBE7BB5B5ECF0AB6CA98 /* Pods_Mindful_Eats_Mindful_EatsUITests.framework in Frameworks */ = {isa = PBXBuildFile; fileRef = D8CB0D30C2643A59C804DD84 /* Pods_Mindful_Eats_Mindful_EatsUITests.framework */; };
/* End PBXBuildFile section */

/* Begin PBXContainerItemProxy section */
		B16AB0B1255B3EBF0021BC67 /* PBXContainerItemProxy */ = {
			isa = PBXContainerItemProxy;
			containerPortal = B16AB092255B3EBA0021BC67 /* Project object */;
			proxyType = 1;
			remoteGlobalIDString = B16AB099255B3EBA0021BC67;
			remoteInfo = "Mindful Eats";
		};
		B16AB0BC255B3EBF0021BC67 /* PBXContainerItemProxy */ = {
			isa = PBXContainerItemProxy;
			containerPortal = B16AB092255B3EBA0021BC67 /* Project object */;
			proxyType = 1;
			remoteGlobalIDString = B16AB099255B3EBA0021BC67;
			remoteInfo = "Mindful Eats";
		};
/* End PBXContainerItemProxy section */

/* Begin PBXFileReference section */
		11416AE6CE7E1C865FC5A048 /* Pods-Mindful Eats-Mindful EatsUITests.debug.xcconfig */ = {isa = PBXFileReference; includeInIndex = 1; lastKnownFileType = text.xcconfig; name = "Pods-Mindful Eats-Mindful EatsUITests.debug.xcconfig"; path = "Target Support Files/Pods-Mindful Eats-Mindful EatsUITests/Pods-Mindful Eats-Mindful EatsUITests.debug.xcconfig"; sourceTree = "<group>"; };
		17E39D1118EA5EB747C6E78A /* Pods-Mindful EatsTests.debug.xcconfig */ = {isa = PBXFileReference; includeInIndex = 1; lastKnownFileType = text.xcconfig; name = "Pods-Mindful EatsTests.debug.xcconfig"; path = "Target Support Files/Pods-Mindful EatsTests/Pods-Mindful EatsTests.debug.xcconfig"; sourceTree = "<group>"; };
		63CEDF527BA7269083B91127 /* Pods-Mindful EatsTests.release.xcconfig */ = {isa = PBXFileReference; includeInIndex = 1; lastKnownFileType = text.xcconfig; name = "Pods-Mindful EatsTests.release.xcconfig"; path = "Target Support Files/Pods-Mindful EatsTests/Pods-Mindful EatsTests.release.xcconfig"; sourceTree = "<group>"; };
		7CDF86A2692BAC4C650D21CD /* Pods-Mindful Eats-Mindful EatsUITests.release.xcconfig */ = {isa = PBXFileReference; includeInIndex = 1; lastKnownFileType = text.xcconfig; name = "Pods-Mindful Eats-Mindful EatsUITests.release.xcconfig"; path = "Target Support Files/Pods-Mindful Eats-Mindful EatsUITests/Pods-Mindful Eats-Mindful EatsUITests.release.xcconfig"; sourceTree = "<group>"; };
		9A97550F32389B2B6C5D62D7 /* Pods_Mindful_Eats.framework */ = {isa = PBXFileReference; explicitFileType = wrapper.framework; includeInIndex = 0; path = Pods_Mindful_Eats.framework; sourceTree = BUILT_PRODUCTS_DIR; };
		B11CF432255B47D200C7325B /* Emotion.swift */ = {isa = PBXFileReference; lastKnownFileType = sourcecode.swift; path = Emotion.swift; sourceTree = "<group>"; };
		B11CF437255C468D00C7325B /* CheckInsTableVC.swift */ = {isa = PBXFileReference; lastKnownFileType = sourcecode.swift; path = CheckInsTableVC.swift; sourceTree = "<group>"; };
		B11CF43C255C502500C7325B /* CheckInCell.swift */ = {isa = PBXFileReference; lastKnownFileType = sourcecode.swift; path = CheckInCell.swift; sourceTree = "<group>"; };
		B11CF444255C605F00C7325B /* ProfileVC.swift */ = {isa = PBXFileReference; lastKnownFileType = sourcecode.swift; path = ProfileVC.swift; sourceTree = "<group>"; };
		B11CF452255C738400C7325B /* MindfulEats.xcdatamodel */ = {isa = PBXFileReference; lastKnownFileType = wrapper.xcdatamodel; path = MindfulEats.xcdatamodel; sourceTree = "<group>"; };
		B11CF457255C88ED00C7325B /* AddFoodVC.swift */ = {isa = PBXFileReference; lastKnownFileType = sourcecode.swift; path = AddFoodVC.swift; sourceTree = "<group>"; };
		B11CF462255C8DFA00C7325B /* FoodItemCell.swift */ = {isa = PBXFileReference; lastKnownFileType = sourcecode.swift; path = FoodItemCell.swift; sourceTree = "<group>"; };
		B11CF47B255CBC4900C7325B /* CheckInDetailVC.swift */ = {isa = PBXFileReference; lastKnownFileType = sourcecode.swift; path = CheckInDetailVC.swift; sourceTree = "<group>"; };
		B134055E255DF0FD0022185F /* EmotionsSelectionVC.swift */ = {isa = PBXFileReference; lastKnownFileType = sourcecode.swift; path = EmotionsSelectionVC.swift; sourceTree = "<group>"; };
		B1654090255F2DAD0000B4A6 /* PeoplePlaceVC.swift */ = {isa = PBXFileReference; lastKnownFileType = sourcecode.swift; path = PeoplePlaceVC.swift; sourceTree = "<group>"; };
		B16AB09A255B3EBA0021BC67 /* Mindful Eats.app */ = {isa = PBXFileReference; explicitFileType = wrapper.application; includeInIndex = 0; path = "Mindful Eats.app"; sourceTree = BUILT_PRODUCTS_DIR; };
		B16AB09D255B3EBA0021BC67 /* AppDelegate.swift */ = {isa = PBXFileReference; lastKnownFileType = sourcecode.swift; path = AppDelegate.swift; sourceTree = "<group>"; };
		B16AB09F255B3EBA0021BC67 /* SceneDelegate.swift */ = {isa = PBXFileReference; lastKnownFileType = sourcecode.swift; path = SceneDelegate.swift; sourceTree = "<group>"; };
		B16AB0A1255B3EBA0021BC67 /* HomeVC.swift */ = {isa = PBXFileReference; lastKnownFileType = sourcecode.swift; path = HomeVC.swift; sourceTree = "<group>"; };
		B16AB0A4255B3EBA0021BC67 /* Base */ = {isa = PBXFileReference; lastKnownFileType = file.storyboard; name = Base; path = Base.lproj/Main.storyboard; sourceTree = "<group>"; };
		B16AB0A6255B3EBE0021BC67 /* Assets.xcassets */ = {isa = PBXFileReference; lastKnownFileType = folder.assetcatalog; path = Assets.xcassets; sourceTree = "<group>"; };
		B16AB0A9255B3EBE0021BC67 /* Base */ = {isa = PBXFileReference; lastKnownFileType = file.storyboard; name = Base; path = Base.lproj/LaunchScreen.storyboard; sourceTree = "<group>"; };
		B16AB0AB255B3EBE0021BC67 /* Info.plist */ = {isa = PBXFileReference; lastKnownFileType = text.plist.xml; path = Info.plist; sourceTree = "<group>"; };
		B16AB0B0255B3EBF0021BC67 /* Mindful EatsTests.xctest */ = {isa = PBXFileReference; explicitFileType = wrapper.cfbundle; includeInIndex = 0; path = "Mindful EatsTests.xctest"; sourceTree = BUILT_PRODUCTS_DIR; };
		B16AB0B4255B3EBF0021BC67 /* Mindful_EatsTests.swift */ = {isa = PBXFileReference; lastKnownFileType = sourcecode.swift; path = Mindful_EatsTests.swift; sourceTree = "<group>"; };
		B16AB0B6255B3EBF0021BC67 /* Info.plist */ = {isa = PBXFileReference; lastKnownFileType = text.plist.xml; path = Info.plist; sourceTree = "<group>"; };
		B16AB0BB255B3EBF0021BC67 /* Mindful EatsUITests.xctest */ = {isa = PBXFileReference; explicitFileType = wrapper.cfbundle; includeInIndex = 0; path = "Mindful EatsUITests.xctest"; sourceTree = BUILT_PRODUCTS_DIR; };
		B16AB0BF255B3EBF0021BC67 /* Mindful_EatsUITests.swift */ = {isa = PBXFileReference; lastKnownFileType = sourcecode.swift; path = Mindful_EatsUITests.swift; sourceTree = "<group>"; };
		B16AB0C1255B3EBF0021BC67 /* Info.plist */ = {isa = PBXFileReference; lastKnownFileType = text.plist.xml; path = Info.plist; sourceTree = "<group>"; };
		B1B96B282563249C000215AF /* CustomButton.swift */ = {isa = PBXFileReference; lastKnownFileType = sourcecode.swift; path = CustomButton.swift; sourceTree = "<group>"; };
		B1B96B2D25634538000215AF /* CustomLocationStatBox.swift */ = {isa = PBXFileReference; lastKnownFileType = sourcecode.swift; path = CustomLocationStatBox.swift; sourceTree = "<group>"; };
		B1B96B3225634892000215AF /* LocationStatsVC.swift */ = {isa = PBXFileReference; lastKnownFileType = sourcecode.swift; path = LocationStatsVC.swift; sourceTree = "<group>"; };
		C67DF124ED092E84ABBDBE5F /* Pods-Mindful Eats.debug.xcconfig */ = {isa = PBXFileReference; includeInIndex = 1; lastKnownFileType = text.xcconfig; name = "Pods-Mindful Eats.debug.xcconfig"; path = "Target Support Files/Pods-Mindful Eats/Pods-Mindful Eats.debug.xcconfig"; sourceTree = "<group>"; };
		D8CB0D30C2643A59C804DD84 /* Pods_Mindful_Eats_Mindful_EatsUITests.framework */ = {isa = PBXFileReference; explicitFileType = wrapper.framework; includeInIndex = 0; path = Pods_Mindful_Eats_Mindful_EatsUITests.framework; sourceTree = BUILT_PRODUCTS_DIR; };
		E0FDC5CA430BAE6EE6A3283C /* Pods_Mindful_EatsTests.framework */ = {isa = PBXFileReference; explicitFileType = wrapper.framework; includeInIndex = 0; path = Pods_Mindful_EatsTests.framework; sourceTree = BUILT_PRODUCTS_DIR; };
		FD1DE14F2C3D86E4FC51F8A2 /* Pods-Mindful Eats.release.xcconfig */ = {isa = PBXFileReference; includeInIndex = 1; lastKnownFileType = text.xcconfig; name = "Pods-Mindful Eats.release.xcconfig"; path = "Target Support Files/Pods-Mindful Eats/Pods-Mindful Eats.release.xcconfig"; sourceTree = "<group>"; };
/* End PBXFileReference section */

/* Begin PBXFrameworksBuildPhase section */
		B16AB097255B3EBA0021BC67 /* Frameworks */ = {
			isa = PBXFrameworksBuildPhase;
			buildActionMask = 2147483647;
			files = (
				88E40D41D81FE8CE7385DEFC /* Pods_Mindful_Eats.framework in Frameworks */,
			);
			runOnlyForDeploymentPostprocessing = 0;
		};
		B16AB0AD255B3EBF0021BC67 /* Frameworks */ = {
			isa = PBXFrameworksBuildPhase;
			buildActionMask = 2147483647;
			files = (
				D79E3F5D393D9F40D90B55F7 /* Pods_Mindful_EatsTests.framework in Frameworks */,
			);
			runOnlyForDeploymentPostprocessing = 0;
		};
		B16AB0B8255B3EBF0021BC67 /* Frameworks */ = {
			isa = PBXFrameworksBuildPhase;
			buildActionMask = 2147483647;
			files = (
				FD68CBE7BB5B5ECF0AB6CA98 /* Pods_Mindful_Eats_Mindful_EatsUITests.framework in Frameworks */,
			);
			runOnlyForDeploymentPostprocessing = 0;
		};
/* End PBXFrameworksBuildPhase section */

/* Begin PBXGroup section */
		3F0075DE1B9EA83D7855BD48 /* Frameworks */ = {
			isa = PBXGroup;
			children = (
				9A97550F32389B2B6C5D62D7 /* Pods_Mindful_Eats.framework */,
				D8CB0D30C2643A59C804DD84 /* Pods_Mindful_Eats_Mindful_EatsUITests.framework */,
				E0FDC5CA430BAE6EE6A3283C /* Pods_Mindful_EatsTests.framework */,
			);
			name = Frameworks;
			sourceTree = "<group>";
		};
		9470D96A62EEE4053178C632 /* Pods */ = {
			isa = PBXGroup;
			children = (
				C67DF124ED092E84ABBDBE5F /* Pods-Mindful Eats.debug.xcconfig */,
				FD1DE14F2C3D86E4FC51F8A2 /* Pods-Mindful Eats.release.xcconfig */,
				11416AE6CE7E1C865FC5A048 /* Pods-Mindful Eats-Mindful EatsUITests.debug.xcconfig */,
				7CDF86A2692BAC4C650D21CD /* Pods-Mindful Eats-Mindful EatsUITests.release.xcconfig */,
				17E39D1118EA5EB747C6E78A /* Pods-Mindful EatsTests.debug.xcconfig */,
				63CEDF527BA7269083B91127 /* Pods-Mindful EatsTests.release.xcconfig */,
			);
			path = Pods;
			sourceTree = "<group>";
		};
		B11CF421255B452700C7325B /* Controller */ = {
			isa = PBXGroup;
			children = (
				B16AB0A1255B3EBA0021BC67 /* HomeVC.swift */,
				B11CF437255C468D00C7325B /* CheckInsTableVC.swift */,
				B1654090255F2DAD0000B4A6 /* PeoplePlaceVC.swift */,
				B11CF457255C88ED00C7325B /* AddFoodVC.swift */,
				B134055E255DF0FD0022185F /* EmotionsSelectionVC.swift */,
				B11CF47B255CBC4900C7325B /* CheckInDetailVC.swift */,
				B11CF444255C605F00C7325B /* ProfileVC.swift */,
				B1B96B3225634892000215AF /* LocationStatsVC.swift */,
			);
			path = Controller;
			sourceTree = "<group>";
		};
		B11CF428255B453900C7325B /* View */ = {
			isa = PBXGroup;
			children = (
				B16AB0A3255B3EBA0021BC67 /* Main.storyboard */,
				B11CF43C255C502500C7325B /* CheckInCell.swift */,
				B11CF462255C8DFA00C7325B /* FoodItemCell.swift */,
				B1B96B282563249C000215AF /* CustomButton.swift */,
				B1B96B2D25634538000215AF /* CustomLocationStatBox.swift */,
			);
			path = View;
			sourceTree = "<group>";
		};
		B11CF42E255B455300C7325B /* Model */ = {
			isa = PBXGroup;
			children = (
				B11CF432255B47D200C7325B /* Emotion.swift */,
			);
			path = Model;
			sourceTree = "<group>";
		};
		B16AB091255B3EBA0021BC67 = {
			isa = PBXGroup;
			children = (
				B16AB09C255B3EBA0021BC67 /* Mindful Eats */,
				B16AB0B3255B3EBF0021BC67 /* Mindful EatsTests */,
				B16AB0BE255B3EBF0021BC67 /* Mindful EatsUITests */,
				B16AB09B255B3EBA0021BC67 /* Products */,
				9470D96A62EEE4053178C632 /* Pods */,
				3F0075DE1B9EA83D7855BD48 /* Frameworks */,
			);
			sourceTree = "<group>";
		};
		B16AB09B255B3EBA0021BC67 /* Products */ = {
			isa = PBXGroup;
			children = (
				B16AB09A255B3EBA0021BC67 /* Mindful Eats.app */,
				B16AB0B0255B3EBF0021BC67 /* Mindful EatsTests.xctest */,
				B16AB0BB255B3EBF0021BC67 /* Mindful EatsUITests.xctest */,
			);
			name = Products;
			sourceTree = "<group>";
		};
		B16AB09C255B3EBA0021BC67 /* Mindful Eats */ = {
			isa = PBXGroup;
			children = (
				B16AB09D255B3EBA0021BC67 /* AppDelegate.swift */,
				B16AB09F255B3EBA0021BC67 /* SceneDelegate.swift */,
				B11CF42E255B455300C7325B /* Model */,
				B11CF428255B453900C7325B /* View */,
				B11CF421255B452700C7325B /* Controller */,
				B16AB0A6255B3EBE0021BC67 /* Assets.xcassets */,
				B16AB0A8255B3EBE0021BC67 /* LaunchScreen.storyboard */,
				B16AB0AB255B3EBE0021BC67 /* Info.plist */,
				B11CF451255C738400C7325B /* MindfulEats.xcdatamodeld */,
			);
			path = "Mindful Eats";
			sourceTree = "<group>";
		};
		B16AB0B3255B3EBF0021BC67 /* Mindful EatsTests */ = {
			isa = PBXGroup;
			children = (
				B16AB0B4255B3EBF0021BC67 /* Mindful_EatsTests.swift */,
				B16AB0B6255B3EBF0021BC67 /* Info.plist */,
			);
			path = "Mindful EatsTests";
			sourceTree = "<group>";
		};
		B16AB0BE255B3EBF0021BC67 /* Mindful EatsUITests */ = {
			isa = PBXGroup;
			children = (
				B16AB0BF255B3EBF0021BC67 /* Mindful_EatsUITests.swift */,
				B16AB0C1255B3EBF0021BC67 /* Info.plist */,
			);
			path = "Mindful EatsUITests";
			sourceTree = "<group>";
		};
/* End PBXGroup section */

/* Begin PBXNativeTarget section */
		B16AB099255B3EBA0021BC67 /* Mindful Eats */ = {
			isa = PBXNativeTarget;
			buildConfigurationList = B16AB0C4255B3EBF0021BC67 /* Build configuration list for PBXNativeTarget "Mindful Eats" */;
			buildPhases = (
				7677AD37A82F2E81ADEC4C61 /* [CP] Check Pods Manifest.lock */,
				B16AB096255B3EBA0021BC67 /* Sources */,
				B16AB097255B3EBA0021BC67 /* Frameworks */,
				B16AB098255B3EBA0021BC67 /* Resources */,
				F41FB7AA5F92765186A945E8 /* [CP] Embed Pods Frameworks */,
			);
			buildRules = (
			);
			dependencies = (
			);
			name = "Mindful Eats";
			productName = "Mindful Eats";
			productReference = B16AB09A255B3EBA0021BC67 /* Mindful Eats.app */;
			productType = "com.apple.product-type.application";
		};
		B16AB0AF255B3EBF0021BC67 /* Mindful EatsTests */ = {
			isa = PBXNativeTarget;
			buildConfigurationList = B16AB0C7255B3EBF0021BC67 /* Build configuration list for PBXNativeTarget "Mindful EatsTests" */;
			buildPhases = (
				CD5D8FDCDEDA35AAC802FEC1 /* [CP] Check Pods Manifest.lock */,
				B16AB0AC255B3EBF0021BC67 /* Sources */,
				B16AB0AD255B3EBF0021BC67 /* Frameworks */,
				B16AB0AE255B3EBF0021BC67 /* Resources */,
			);
			buildRules = (
			);
			dependencies = (
				B16AB0B2255B3EBF0021BC67 /* PBXTargetDependency */,
			);
			name = "Mindful EatsTests";
			productName = "Mindful EatsTests";
			productReference = B16AB0B0255B3EBF0021BC67 /* Mindful EatsTests.xctest */;
			productType = "com.apple.product-type.bundle.unit-test";
		};
		B16AB0BA255B3EBF0021BC67 /* Mindful EatsUITests */ = {
			isa = PBXNativeTarget;
			buildConfigurationList = B16AB0CA255B3EBF0021BC67 /* Build configuration list for PBXNativeTarget "Mindful EatsUITests" */;
			buildPhases = (
				14BA2C0C1C7AE4C970E8DF7B /* [CP] Check Pods Manifest.lock */,
				B16AB0B7255B3EBF0021BC67 /* Sources */,
				B16AB0B8255B3EBF0021BC67 /* Frameworks */,
				B16AB0B9255B3EBF0021BC67 /* Resources */,
				CBAB33E8E4D6995BDE141E9D /* [CP] Embed Pods Frameworks */,
			);
			buildRules = (
			);
			dependencies = (
				B16AB0BD255B3EBF0021BC67 /* PBXTargetDependency */,
			);
			name = "Mindful EatsUITests";
			productName = "Mindful EatsUITests";
			productReference = B16AB0BB255B3EBF0021BC67 /* Mindful EatsUITests.xctest */;
			productType = "com.apple.product-type.bundle.ui-testing";
		};
/* End PBXNativeTarget section */

/* Begin PBXProject section */
		B16AB092255B3EBA0021BC67 /* Project object */ = {
			isa = PBXProject;
			attributes = {
				LastSwiftUpdateCheck = 1210;
				LastUpgradeCheck = 1210;
				TargetAttributes = {
					B16AB099255B3EBA0021BC67 = {
						CreatedOnToolsVersion = 12.1;
					};
					B16AB0AF255B3EBF0021BC67 = {
						CreatedOnToolsVersion = 12.1;
						TestTargetID = B16AB099255B3EBA0021BC67;
					};
					B16AB0BA255B3EBF0021BC67 = {
						CreatedOnToolsVersion = 12.1;
						TestTargetID = B16AB099255B3EBA0021BC67;
					};
				};
			};
			buildConfigurationList = B16AB095255B3EBA0021BC67 /* Build configuration list for PBXProject "Mindful Eats" */;
			compatibilityVersion = "Xcode 9.3";
			developmentRegion = en;
			hasScannedForEncodings = 0;
			knownRegions = (
				en,
				Base,
			);
			mainGroup = B16AB091255B3EBA0021BC67;
			productRefGroup = B16AB09B255B3EBA0021BC67 /* Products */;
			projectDirPath = "";
			projectRoot = "";
			targets = (
				B16AB099255B3EBA0021BC67 /* Mindful Eats */,
				B16AB0AF255B3EBF0021BC67 /* Mindful EatsTests */,
				B16AB0BA255B3EBF0021BC67 /* Mindful EatsUITests */,
			);
		};
/* End PBXProject section */

/* Begin PBXResourcesBuildPhase section */
		B16AB098255B3EBA0021BC67 /* Resources */ = {
			isa = PBXResourcesBuildPhase;
			buildActionMask = 2147483647;
			files = (
				B16AB0AA255B3EBE0021BC67 /* LaunchScreen.storyboard in Resources */,
				B16AB0A7255B3EBE0021BC67 /* Assets.xcassets in Resources */,
				B16AB0A5255B3EBA0021BC67 /* Main.storyboard in Resources */,
			);
			runOnlyForDeploymentPostprocessing = 0;
		};
		B16AB0AE255B3EBF0021BC67 /* Resources */ = {
			isa = PBXResourcesBuildPhase;
			buildActionMask = 2147483647;
			files = (
			);
			runOnlyForDeploymentPostprocessing = 0;
		};
		B16AB0B9255B3EBF0021BC67 /* Resources */ = {
			isa = PBXResourcesBuildPhase;
			buildActionMask = 2147483647;
			files = (
			);
			runOnlyForDeploymentPostprocessing = 0;
		};
/* End PBXResourcesBuildPhase section */

/* Begin PBXShellScriptBuildPhase section */
		14BA2C0C1C7AE4C970E8DF7B /* [CP] Check Pods Manifest.lock */ = {
			isa = PBXShellScriptBuildPhase;
			buildActionMask = 2147483647;
			files = (
			);
			inputFileListPaths = (
			);
			inputPaths = (
				"${PODS_PODFILE_DIR_PATH}/Podfile.lock",
				"${PODS_ROOT}/Manifest.lock",
			);
			name = "[CP] Check Pods Manifest.lock";
			outputFileListPaths = (
			);
			outputPaths = (
				"$(DERIVED_FILE_DIR)/Pods-Mindful Eats-Mindful EatsUITests-checkManifestLockResult.txt",
			);
			runOnlyForDeploymentPostprocessing = 0;
			shellPath = /bin/sh;
			shellScript = "diff \"${PODS_PODFILE_DIR_PATH}/Podfile.lock\" \"${PODS_ROOT}/Manifest.lock\" > /dev/null\nif [ $? != 0 ] ; then\n    # print error to STDERR\n    echo \"error: The sandbox is not in sync with the Podfile.lock. Run 'pod install' or update your CocoaPods installation.\" >&2\n    exit 1\nfi\n# This output is used by Xcode 'outputs' to avoid re-running this script phase.\necho \"SUCCESS\" > \"${SCRIPT_OUTPUT_FILE_0}\"\n";
			showEnvVarsInLog = 0;
		};
		7677AD37A82F2E81ADEC4C61 /* [CP] Check Pods Manifest.lock */ = {
			isa = PBXShellScriptBuildPhase;
			buildActionMask = 2147483647;
			files = (
			);
			inputFileListPaths = (
			);
			inputPaths = (
				"${PODS_PODFILE_DIR_PATH}/Podfile.lock",
				"${PODS_ROOT}/Manifest.lock",
			);
			name = "[CP] Check Pods Manifest.lock";
			outputFileListPaths = (
			);
			outputPaths = (
				"$(DERIVED_FILE_DIR)/Pods-Mindful Eats-checkManifestLockResult.txt",
			);
			runOnlyForDeploymentPostprocessing = 0;
			shellPath = /bin/sh;
			shellScript = "diff \"${PODS_PODFILE_DIR_PATH}/Podfile.lock\" \"${PODS_ROOT}/Manifest.lock\" > /dev/null\nif [ $? != 0 ] ; then\n    # print error to STDERR\n    echo \"error: The sandbox is not in sync with the Podfile.lock. Run 'pod install' or update your CocoaPods installation.\" >&2\n    exit 1\nfi\n# This output is used by Xcode 'outputs' to avoid re-running this script phase.\necho \"SUCCESS\" > \"${SCRIPT_OUTPUT_FILE_0}\"\n";
			showEnvVarsInLog = 0;
		};
		CBAB33E8E4D6995BDE141E9D /* [CP] Embed Pods Frameworks */ = {
			isa = PBXShellScriptBuildPhase;
			buildActionMask = 2147483647;
			files = (
			);
			inputFileListPaths = (
				"${PODS_ROOT}/Target Support Files/Pods-Mindful Eats-Mindful EatsUITests/Pods-Mindful Eats-Mindful EatsUITests-frameworks-${CONFIGURATION}-input-files.xcfilelist",
			);
			name = "[CP] Embed Pods Frameworks";
			outputFileListPaths = (
				"${PODS_ROOT}/Target Support Files/Pods-Mindful Eats-Mindful EatsUITests/Pods-Mindful Eats-Mindful EatsUITests-frameworks-${CONFIGURATION}-output-files.xcfilelist",
			);
			runOnlyForDeploymentPostprocessing = 0;
			shellPath = /bin/sh;
			shellScript = "\"${PODS_ROOT}/Target Support Files/Pods-Mindful Eats-Mindful EatsUITests/Pods-Mindful Eats-Mindful EatsUITests-frameworks.sh\"\n";
			showEnvVarsInLog = 0;
		};
		CD5D8FDCDEDA35AAC802FEC1 /* [CP] Check Pods Manifest.lock */ = {
			isa = PBXShellScriptBuildPhase;
			buildActionMask = 2147483647;
			files = (
			);
			inputFileListPaths = (
			);
			inputPaths = (
				"${PODS_PODFILE_DIR_PATH}/Podfile.lock",
				"${PODS_ROOT}/Manifest.lock",
			);
			name = "[CP] Check Pods Manifest.lock";
			outputFileListPaths = (
			);
			outputPaths = (
				"$(DERIVED_FILE_DIR)/Pods-Mindful EatsTests-checkManifestLockResult.txt",
			);
			runOnlyForDeploymentPostprocessing = 0;
			shellPath = /bin/sh;
			shellScript = "diff \"${PODS_PODFILE_DIR_PATH}/Podfile.lock\" \"${PODS_ROOT}/Manifest.lock\" > /dev/null\nif [ $? != 0 ] ; then\n    # print error to STDERR\n    echo \"error: The sandbox is not in sync with the Podfile.lock. Run 'pod install' or update your CocoaPods installation.\" >&2\n    exit 1\nfi\n# This output is used by Xcode 'outputs' to avoid re-running this script phase.\necho \"SUCCESS\" > \"${SCRIPT_OUTPUT_FILE_0}\"\n";
			showEnvVarsInLog = 0;
		};
		F41FB7AA5F92765186A945E8 /* [CP] Embed Pods Frameworks */ = {
			isa = PBXShellScriptBuildPhase;
			buildActionMask = 2147483647;
			files = (
			);
			inputFileListPaths = (
				"${PODS_ROOT}/Target Support Files/Pods-Mindful Eats/Pods-Mindful Eats-frameworks-${CONFIGURATION}-input-files.xcfilelist",
			);
			name = "[CP] Embed Pods Frameworks";
			outputFileListPaths = (
				"${PODS_ROOT}/Target Support Files/Pods-Mindful Eats/Pods-Mindful Eats-frameworks-${CONFIGURATION}-output-files.xcfilelist",
			);
			runOnlyForDeploymentPostprocessing = 0;
			shellPath = /bin/sh;
			shellScript = "\"${PODS_ROOT}/Target Support Files/Pods-Mindful Eats/Pods-Mindful Eats-frameworks.sh\"\n";
			showEnvVarsInLog = 0;
		};
/* End PBXShellScriptBuildPhase section */

/* Begin PBXSourcesBuildPhase section */
		B16AB096255B3EBA0021BC67 /* Sources */ = {
			isa = PBXSourcesBuildPhase;
			buildActionMask = 2147483647;
			files = (
				B11CF433255B47D200C7325B /* Emotion.swift in Sources */,
				B1B96B3325634892000215AF /* LocationStatsVC.swift in Sources */,
				B16AB0A2255B3EBA0021BC67 /* HomeVC.swift in Sources */,
				B11CF463255C8DFA00C7325B /* FoodItemCell.swift in Sources */,
				B1B96B2E25634538000215AF /* CustomLocationStatBox.swift in Sources */,
				B11CF453255C738400C7325B /* MindfulEats.xcdatamodeld in Sources */,
				B1B96B292563249C000215AF /* CustomButton.swift in Sources */,
				B11CF458255C88ED00C7325B /* AddFoodVC.swift in Sources */,
				B11CF43D255C502500C7325B /* CheckInCell.swift in Sources */,
				B1654091255F2DAD0000B4A6 /* PeoplePlaceVC.swift in Sources */,
				B11CF445255C605F00C7325B /* ProfileVC.swift in Sources */,
				B11CF438255C468D00C7325B /* CheckInsTableVC.swift in Sources */,
				B16AB09E255B3EBA0021BC67 /* AppDelegate.swift in Sources */,
				B134055F255DF0FD0022185F /* EmotionsSelectionVC.swift in Sources */,
				B11CF47C255CBC4A00C7325B /* CheckInDetailVC.swift in Sources */,
				B16AB0A0255B3EBA0021BC67 /* SceneDelegate.swift in Sources */,
			);
			runOnlyForDeploymentPostprocessing = 0;
		};
		B16AB0AC255B3EBF0021BC67 /* Sources */ = {
			isa = PBXSourcesBuildPhase;
			buildActionMask = 2147483647;
			files = (
				B16AB0B5255B3EBF0021BC67 /* Mindful_EatsTests.swift in Sources */,
			);
			runOnlyForDeploymentPostprocessing = 0;
		};
		B16AB0B7255B3EBF0021BC67 /* Sources */ = {
			isa = PBXSourcesBuildPhase;
			buildActionMask = 2147483647;
			files = (
				B16AB0C0255B3EBF0021BC67 /* Mindful_EatsUITests.swift in Sources */,
			);
			runOnlyForDeploymentPostprocessing = 0;
		};
/* End PBXSourcesBuildPhase section */

/* Begin PBXTargetDependency section */
		B16AB0B2255B3EBF0021BC67 /* PBXTargetDependency */ = {
			isa = PBXTargetDependency;
			target = B16AB099255B3EBA0021BC67 /* Mindful Eats */;
			targetProxy = B16AB0B1255B3EBF0021BC67 /* PBXContainerItemProxy */;
		};
		B16AB0BD255B3EBF0021BC67 /* PBXTargetDependency */ = {
			isa = PBXTargetDependency;
			target = B16AB099255B3EBA0021BC67 /* Mindful Eats */;
			targetProxy = B16AB0BC255B3EBF0021BC67 /* PBXContainerItemProxy */;
		};
/* End PBXTargetDependency section */

/* Begin PBXVariantGroup section */
		B16AB0A3255B3EBA0021BC67 /* Main.storyboard */ = {
			isa = PBXVariantGroup;
			children = (
				B16AB0A4255B3EBA0021BC67 /* Base */,
			);
			name = Main.storyboard;
			sourceTree = "<group>";
		};
		B16AB0A8255B3EBE0021BC67 /* LaunchScreen.storyboard */ = {
			isa = PBXVariantGroup;
			children = (
				B16AB0A9255B3EBE0021BC67 /* Base */,
			);
			name = LaunchScreen.storyboard;
			sourceTree = "<group>";
		};
/* End PBXVariantGroup section */

/* Begin XCBuildConfiguration section */
		B16AB0C2255B3EBF0021BC67 /* Debug */ = {
			isa = XCBuildConfiguration;
			buildSettings = {
				ALWAYS_SEARCH_USER_PATHS = NO;
				CLANG_ANALYZER_NONNULL = YES;
				CLANG_ANALYZER_NUMBER_OBJECT_CONVERSION = YES_AGGRESSIVE;
				CLANG_CXX_LANGUAGE_STANDARD = "gnu++14";
				CLANG_CXX_LIBRARY = "libc++";
				CLANG_ENABLE_MODULES = YES;
				CLANG_ENABLE_OBJC_ARC = YES;
				CLANG_ENABLE_OBJC_WEAK = YES;
				CLANG_WARN_BLOCK_CAPTURE_AUTORELEASING = YES;
				CLANG_WARN_BOOL_CONVERSION = YES;
				CLANG_WARN_COMMA = YES;
				CLANG_WARN_CONSTANT_CONVERSION = YES;
				CLANG_WARN_DEPRECATED_OBJC_IMPLEMENTATIONS = YES;
				CLANG_WARN_DIRECT_OBJC_ISA_USAGE = YES_ERROR;
				CLANG_WARN_DOCUMENTATION_COMMENTS = YES;
				CLANG_WARN_EMPTY_BODY = YES;
				CLANG_WARN_ENUM_CONVERSION = YES;
				CLANG_WARN_INFINITE_RECURSION = YES;
				CLANG_WARN_INT_CONVERSION = YES;
				CLANG_WARN_NON_LITERAL_NULL_CONVERSION = YES;
				CLANG_WARN_OBJC_IMPLICIT_RETAIN_SELF = YES;
				CLANG_WARN_OBJC_LITERAL_CONVERSION = YES;
				CLANG_WARN_OBJC_ROOT_CLASS = YES_ERROR;
				CLANG_WARN_QUOTED_INCLUDE_IN_FRAMEWORK_HEADER = YES;
				CLANG_WARN_RANGE_LOOP_ANALYSIS = YES;
				CLANG_WARN_STRICT_PROTOTYPES = YES;
				CLANG_WARN_SUSPICIOUS_MOVE = YES;
				CLANG_WARN_UNGUARDED_AVAILABILITY = YES_AGGRESSIVE;
				CLANG_WARN_UNREACHABLE_CODE = YES;
				CLANG_WARN__DUPLICATE_METHOD_MATCH = YES;
				COPY_PHASE_STRIP = NO;
				DEBUG_INFORMATION_FORMAT = dwarf;
				ENABLE_STRICT_OBJC_MSGSEND = YES;
				ENABLE_TESTABILITY = YES;
				GCC_C_LANGUAGE_STANDARD = gnu11;
				GCC_DYNAMIC_NO_PIC = NO;
				GCC_NO_COMMON_BLOCKS = YES;
				GCC_OPTIMIZATION_LEVEL = 0;
				GCC_PREPROCESSOR_DEFINITIONS = (
					"DEBUG=1",
					"$(inherited)",
				);
				GCC_WARN_64_TO_32_BIT_CONVERSION = YES;
				GCC_WARN_ABOUT_RETURN_TYPE = YES_ERROR;
				GCC_WARN_UNDECLARED_SELECTOR = YES;
				GCC_WARN_UNINITIALIZED_AUTOS = YES_AGGRESSIVE;
				GCC_WARN_UNUSED_FUNCTION = YES;
				GCC_WARN_UNUSED_VARIABLE = YES;
				IPHONEOS_DEPLOYMENT_TARGET = 14.1;
				MTL_ENABLE_DEBUG_INFO = INCLUDE_SOURCE;
				MTL_FAST_MATH = YES;
				ONLY_ACTIVE_ARCH = YES;
				SDKROOT = iphoneos;
				SWIFT_ACTIVE_COMPILATION_CONDITIONS = DEBUG;
				SWIFT_OPTIMIZATION_LEVEL = "-Onone";
			};
			name = Debug;
		};
		B16AB0C3255B3EBF0021BC67 /* Release */ = {
			isa = XCBuildConfiguration;
			buildSettings = {
				ALWAYS_SEARCH_USER_PATHS = NO;
				CLANG_ANALYZER_NONNULL = YES;
				CLANG_ANALYZER_NUMBER_OBJECT_CONVERSION = YES_AGGRESSIVE;
				CLANG_CXX_LANGUAGE_STANDARD = "gnu++14";
				CLANG_CXX_LIBRARY = "libc++";
				CLANG_ENABLE_MODULES = YES;
				CLANG_ENABLE_OBJC_ARC = YES;
				CLANG_ENABLE_OBJC_WEAK = YES;
				CLANG_WARN_BLOCK_CAPTURE_AUTORELEASING = YES;
				CLANG_WARN_BOOL_CONVERSION = YES;
				CLANG_WARN_COMMA = YES;
				CLANG_WARN_CONSTANT_CONVERSION = YES;
				CLANG_WARN_DEPRECATED_OBJC_IMPLEMENTATIONS = YES;
				CLANG_WARN_DIRECT_OBJC_ISA_USAGE = YES_ERROR;
				CLANG_WARN_DOCUMENTATION_COMMENTS = YES;
				CLANG_WARN_EMPTY_BODY = YES;
				CLANG_WARN_ENUM_CONVERSION = YES;
				CLANG_WARN_INFINITE_RECURSION = YES;
				CLANG_WARN_INT_CONVERSION = YES;
				CLANG_WARN_NON_LITERAL_NULL_CONVERSION = YES;
				CLANG_WARN_OBJC_IMPLICIT_RETAIN_SELF = YES;
				CLANG_WARN_OBJC_LITERAL_CONVERSION = YES;
				CLANG_WARN_OBJC_ROOT_CLASS = YES_ERROR;
				CLANG_WARN_QUOTED_INCLUDE_IN_FRAMEWORK_HEADER = YES;
				CLANG_WARN_RANGE_LOOP_ANALYSIS = YES;
				CLANG_WARN_STRICT_PROTOTYPES = YES;
				CLANG_WARN_SUSPICIOUS_MOVE = YES;
				CLANG_WARN_UNGUARDED_AVAILABILITY = YES_AGGRESSIVE;
				CLANG_WARN_UNREACHABLE_CODE = YES;
				CLANG_WARN__DUPLICATE_METHOD_MATCH = YES;
				COPY_PHASE_STRIP = NO;
				DEBUG_INFORMATION_FORMAT = "dwarf-with-dsym";
				ENABLE_NS_ASSERTIONS = NO;
				ENABLE_STRICT_OBJC_MSGSEND = YES;
				GCC_C_LANGUAGE_STANDARD = gnu11;
				GCC_NO_COMMON_BLOCKS = YES;
				GCC_WARN_64_TO_32_BIT_CONVERSION = YES;
				GCC_WARN_ABOUT_RETURN_TYPE = YES_ERROR;
				GCC_WARN_UNDECLARED_SELECTOR = YES;
				GCC_WARN_UNINITIALIZED_AUTOS = YES_AGGRESSIVE;
				GCC_WARN_UNUSED_FUNCTION = YES;
				GCC_WARN_UNUSED_VARIABLE = YES;
				IPHONEOS_DEPLOYMENT_TARGET = 14.1;
				MTL_ENABLE_DEBUG_INFO = NO;
				MTL_FAST_MATH = YES;
				SDKROOT = iphoneos;
				SWIFT_COMPILATION_MODE = wholemodule;
				SWIFT_OPTIMIZATION_LEVEL = "-O";
				VALIDATE_PRODUCT = YES;
			};
			name = Release;
		};
		B16AB0C5255B3EBF0021BC67 /* Debug */ = {
			isa = XCBuildConfiguration;
			baseConfigurationReference = C67DF124ED092E84ABBDBE5F /* Pods-Mindful Eats.debug.xcconfig */;
			buildSettings = {
				ASSETCATALOG_COMPILER_APPICON_NAME = AppIcon;
				ASSETCATALOG_COMPILER_GLOBAL_ACCENT_COLOR_NAME = AccentColor;
				CODE_SIGN_STYLE = Automatic;
				DEVELOPMENT_TEAM = 8WFH9GD9GT;
				INFOPLIST_FILE = "Mindful Eats/Info.plist";
				LD_RUNPATH_SEARCH_PATHS = (
					"$(inherited)",
					"@executable_path/Frameworks",
				);
				PRODUCT_BUNDLE_IDENTIFIER = "com.fancymoua.Mindful-Eats";
				PRODUCT_NAME = "$(TARGET_NAME)";
				SWIFT_VERSION = 5.0;
				TARGETED_DEVICE_FAMILY = "1,2";
			};
			name = Debug;
		};
		B16AB0C6255B3EBF0021BC67 /* Release */ = {
			isa = XCBuildConfiguration;
			baseConfigurationReference = FD1DE14F2C3D86E4FC51F8A2 /* Pods-Mindful Eats.release.xcconfig */;
			buildSettings = {
				ASSETCATALOG_COMPILER_APPICON_NAME = AppIcon;
				ASSETCATALOG_COMPILER_GLOBAL_ACCENT_COLOR_NAME = AccentColor;
				CODE_SIGN_STYLE = Automatic;
				DEVELOPMENT_TEAM = 8WFH9GD9GT;
				INFOPLIST_FILE = "Mindful Eats/Info.plist";
				LD_RUNPATH_SEARCH_PATHS = (
					"$(inherited)",
					"@executable_path/Frameworks",
				);
				PRODUCT_BUNDLE_IDENTIFIER = "com.fancymoua.Mindful-Eats";
				PRODUCT_NAME = "$(TARGET_NAME)";
				SWIFT_VERSION = 5.0;
				TARGETED_DEVICE_FAMILY = "1,2";
			};
			name = Release;
		};
		B16AB0C8255B3EBF0021BC67 /* Debug */ = {
			isa = XCBuildConfiguration;
			baseConfigurationReference = 17E39D1118EA5EB747C6E78A /* Pods-Mindful EatsTests.debug.xcconfig */;
			buildSettings = {
				ALWAYS_EMBED_SWIFT_STANDARD_LIBRARIES = YES;
				BUNDLE_LOADER = "$(TEST_HOST)";
				CODE_SIGN_STYLE = Automatic;
				DEVELOPMENT_TEAM = 8WFH9GD9GT;
				INFOPLIST_FILE = "Mindful EatsTests/Info.plist";
				IPHONEOS_DEPLOYMENT_TARGET = 14.1;
				LD_RUNPATH_SEARCH_PATHS = (
					"$(inherited)",
					"@executable_path/Frameworks",
					"@loader_path/Frameworks",
				);
				PRODUCT_BUNDLE_IDENTIFIER = "com.fancymoua.Mindful-EatsTests";
				PRODUCT_NAME = "$(TARGET_NAME)";
				SWIFT_VERSION = 5.0;
				TARGETED_DEVICE_FAMILY = "1,2";
				TEST_HOST = "$(BUILT_PRODUCTS_DIR)/Mindful Eats.app/Mindful Eats";
			};
			name = Debug;
		};
		B16AB0C9255B3EBF0021BC67 /* Release */ = {
			isa = XCBuildConfiguration;
			baseConfigurationReference = 63CEDF527BA7269083B91127 /* Pods-Mindful EatsTests.release.xcconfig */;
			buildSettings = {
				ALWAYS_EMBED_SWIFT_STANDARD_LIBRARIES = YES;
				BUNDLE_LOADER = "$(TEST_HOST)";
				CODE_SIGN_STYLE = Automatic;
				DEVELOPMENT_TEAM = 8WFH9GD9GT;
				INFOPLIST_FILE = "Mindful EatsTests/Info.plist";
				IPHONEOS_DEPLOYMENT_TARGET = 14.1;
				LD_RUNPATH_SEARCH_PATHS = (
					"$(inherited)",
					"@executable_path/Frameworks",
					"@loader_path/Frameworks",
				);
				PRODUCT_BUNDLE_IDENTIFIER = "com.fancymoua.Mindful-EatsTests";
				PRODUCT_NAME = "$(TARGET_NAME)";
				SWIFT_VERSION = 5.0;
				TARGETED_DEVICE_FAMILY = "1,2";
				TEST_HOST = "$(BUILT_PRODUCTS_DIR)/Mindful Eats.app/Mindful Eats";
			};
			name = Release;
		};
		B16AB0CB255B3EBF0021BC67 /* Debug */ = {
			isa = XCBuildConfiguration;
			baseConfigurationReference = 11416AE6CE7E1C865FC5A048 /* Pods-Mindful Eats-Mindful EatsUITests.debug.xcconfig */;
			buildSettings = {
				ALWAYS_EMBED_SWIFT_STANDARD_LIBRARIES = YES;
				CODE_SIGN_STYLE = Automatic;
				DEVELOPMENT_TEAM = 8WFH9GD9GT;
				INFOPLIST_FILE = "Mindful EatsUITests/Info.plist";
				LD_RUNPATH_SEARCH_PATHS = (
					"$(inherited)",
					"@executable_path/Frameworks",
					"@loader_path/Frameworks",
				);
				PRODUCT_BUNDLE_IDENTIFIER = "com.fancymoua.Mindful-EatsUITests";
				PRODUCT_NAME = "$(TARGET_NAME)";
				SWIFT_VERSION = 5.0;
				TARGETED_DEVICE_FAMILY = "1,2";
				TEST_TARGET_NAME = "Mindful Eats";
			};
			name = Debug;
		};
		B16AB0CC255B3EBF0021BC67 /* Release */ = {
			isa = XCBuildConfiguration;
			baseConfigurationReference = 7CDF86A2692BAC4C650D21CD /* Pods-Mindful Eats-Mindful EatsUITests.release.xcconfig */;
			buildSettings = {
				ALWAYS_EMBED_SWIFT_STANDARD_LIBRARIES = YES;
				CODE_SIGN_STYLE = Automatic;
				DEVELOPMENT_TEAM = 8WFH9GD9GT;
				INFOPLIST_FILE = "Mindful EatsUITests/Info.plist";
				LD_RUNPATH_SEARCH_PATHS = (
					"$(inherited)",
					"@executable_path/Frameworks",
					"@loader_path/Frameworks",
				);
				PRODUCT_BUNDLE_IDENTIFIER = "com.fancymoua.Mindful-EatsUITests";
				PRODUCT_NAME = "$(TARGET_NAME)";
				SWIFT_VERSION = 5.0;
				TARGETED_DEVICE_FAMILY = "1,2";
				TEST_TARGET_NAME = "Mindful Eats";
			};
			name = Release;
		};
/* End XCBuildConfiguration section */

/* Begin XCConfigurationList section */
		B16AB095255B3EBA0021BC67 /* Build configuration list for PBXProject "Mindful Eats" */ = {
			isa = XCConfigurationList;
			buildConfigurations = (
				B16AB0C2255B3EBF0021BC67 /* Debug */,
				B16AB0C3255B3EBF0021BC67 /* Release */,
			);
			defaultConfigurationIsVisible = 0;
			defaultConfigurationName = Release;
		};
		B16AB0C4255B3EBF0021BC67 /* Build configuration list for PBXNativeTarget "Mindful Eats" */ = {
			isa = XCConfigurationList;
			buildConfigurations = (
				B16AB0C5255B3EBF0021BC67 /* Debug */,
				B16AB0C6255B3EBF0021BC67 /* Release */,
			);
			defaultConfigurationIsVisible = 0;
			defaultConfigurationName = Release;
		};
		B16AB0C7255B3EBF0021BC67 /* Build configuration list for PBXNativeTarget "Mindful EatsTests" */ = {
			isa = XCConfigurationList;
			buildConfigurations = (
				B16AB0C8255B3EBF0021BC67 /* Debug */,
				B16AB0C9255B3EBF0021BC67 /* Release */,
			);
			defaultConfigurationIsVisible = 0;
			defaultConfigurationName = Release;
		};
		B16AB0CA255B3EBF0021BC67 /* Build configuration list for PBXNativeTarget "Mindful EatsUITests" */ = {
			isa = XCConfigurationList;
			buildConfigurations = (
				B16AB0CB255B3EBF0021BC67 /* Debug */,
				B16AB0CC255B3EBF0021BC67 /* Release */,
			);
			defaultConfigurationIsVisible = 0;
			defaultConfigurationName = Release;
		};
/* End XCConfigurationList section */

/* Begin XCVersionGroup section */
		B11CF451255C738400C7325B /* MindfulEats.xcdatamodeld */ = {
			isa = XCVersionGroup;
			children = (
				B11CF452255C738400C7325B /* MindfulEats.xcdatamodel */,
			);
			currentVersion = B11CF452255C738400C7325B /* MindfulEats.xcdatamodel */;
			path = MindfulEats.xcdatamodeld;
			sourceTree = "<group>";
			versionGroupType = wrapper.xcdatamodel;
		};
/* End XCVersionGroup section */
	};
	rootObject = B16AB092255B3EBA0021BC67 /* Project object */;
}
